
Microsoft Visual Studio Solution File, Format Version 12.00
# Visual Studio 15
VisualStudioVersion = 15.0.27130.2010
MinimumVisualStudioVersion = 10.0.40219.1
Project("{FAE04EC0-301F-11D3-BF4B-00C04F79EFBC}") = "COP_2360_Project_ThePlace", "COP_2360_Project_ThePlace\COP_2360_Project_ThePlace.csproj", "{1503DBBC-2484-48C7-9F2E-C4E4BD41F97A}"
EndProject
Global
	GlobalSection(SolutionConfigurationPlatforms) = preSolution
		Debug|Any CPU = Debug|Any CPU
		Release|Any CPU = Release|Any CPU
	EndGlobalSection
	GlobalSection(ProjectConfigurationPlatforms) = postSolution
		{1503DBBC-2484-48C7-9F2E-C4E4BD41F97A}.Debug|Any CPU.ActiveCfg = Debug|Any CPU
		{1503DBBC-2484-48C7-9F2E-C4E4BD41F97A}.Debug|Any CPU.Build.0 = Debug|Any CPU
		{1503DBBC-2484-48C7-9F2E-C4E4BD41F97A}.Release|Any CPU.ActiveCfg = Release|Any CPU
		{1503DBBC-2484-48C7-9F2E-C4E4BD41F97A}.Release|Any CPU.Build.0 = Release|Any CPU
	EndGlobalSection
	GlobalSection(SolutionProperties) = preSolution
		HideSolutionNode = FALSE
	EndGlobalSection
	GlobalSection(ExtensibilityGlobals) = postSolution
		SolutionGuid = {F8819301-497C-48C3-B6DE-402D9D82F3A7}
	EndGlobalSection
EndGlobal
